{
  "name": "teste-urbs",
  "version": "1.0.0",
  "lockfileVersion": 3,
  "requires": true,
  "packages": {
    "": {
      "name": "teste-urbs",
      "version": "1.0.0",
      "license": "ISC",
      "dependencies": {
        "xz-decompress": "^0.2.3"
      }
    },
    "node_modules/xz-decompress": {
      "version": "0.2.3",
      "resolved": "https://registry.npmjs.org/xz-decompress/-/xz-decompress-0.2.3.tgz",
      "integrity": "sha512-O8v6HG8T0PrKBcpyWA13GkSYWFvncwzuzcLx5A7++l3HsE3atmoetXjIxrZ/JV/nbvSZ7WS4+3XvREZuVn+rEA==",
      "license": "MIT",
      "engines": {
        "node": ">=16"
      }
    }
  }
}
